
Microsoft Visual Studio Solution File, Format Version 12.00
# Visual Studio Version 17
VisualStudioVersion = 17.4.33213.308
MinimumVisualStudioVersion = 10.0.40219.1
Project("{FAE04EC0-301F-11D3-BF4B-00C04F79EFBC}") = "AnimalInheritance", "AnimalInheritance\AnimalInheritance.csproj", "{9C3AD597-F308-4D3D-BB7A-D6128AE71608}"
EndProject
Global
	GlobalSection(SolutionConfigurationPlatforms) = preSolution
		Debug|Any CPU = Debug|Any CPU
		Release|Any CPU = Release|Any CPU
	EndGlobalSection
	GlobalSection(ProjectConfigurationPlatforms) = postSolution
		{9C3AD597-F308-4D3D-BB7A-D6128AE71608}.Debug|Any CPU.ActiveCfg = Debug|Any CPU
		{9C3AD597-F308-4D3D-BB7A-D6128AE71608}.Debug|Any CPU.Build.0 = Debug|Any CPU
		{9C3AD597-F308-4D3D-BB7A-D6128AE71608}.Release|Any CPU.ActiveCfg = Release|Any CPU
		{9C3AD597-F308-4D3D-BB7A-D6128AE71608}.Release|Any CPU.Build.0 = Release|Any CPU
	EndGlobalSection
	GlobalSection(SolutionProperties) = preSolution
		HideSolutionNode = FALSE
	EndGlobalSection
	GlobalSection(ExtensibilityGlobals) = postSolution
		SolutionGuid = {CE382B25-E11C-4439-B97F-8F782858639B}
	EndGlobalSection
EndGlobal
